
Microsoft Visual Studio Solution File, Format Version 12.00
# Visual Studio Version 17
VisualStudioVersion = 17.10.35013.160
MinimumVisualStudioVersion = 10.0.40219.1
Project("{FAE04EC0-301F-11D3-BF4B-00C04F79EFBC}") = "oop session 4", "oop session 4\oop session 4.csproj", "{90C5C16D-CA88-491B-8A1B-DEDD5A8B229F}"
EndProject
Global
	GlobalSection(SolutionConfigurationPlatforms) = preSolution
		Debug|Any CPU = Debug|Any CPU
		Release|Any CPU = Release|Any CPU
	EndGlobalSection
	GlobalSection(ProjectConfigurationPlatforms) = postSolution
		{90C5C16D-CA88-491B-8A1B-DEDD5A8B229F}.Debug|Any CPU.ActiveCfg = Debug|Any CPU
		{90C5C16D-CA88-491B-8A1B-DEDD5A8B229F}.Debug|Any CPU.Build.0 = Debug|Any CPU
		{90C5C16D-CA88-491B-8A1B-DEDD5A8B229F}.Release|Any CPU.ActiveCfg = Release|Any CPU
		{90C5C16D-CA88-491B-8A1B-DEDD5A8B229F}.Release|Any CPU.Build.0 = Release|Any CPU
	EndGlobalSection
	GlobalSection(SolutionProperties) = preSolution
		HideSolutionNode = FALSE
	EndGlobalSection
	GlobalSection(ExtensibilityGlobals) = postSolution
		SolutionGuid = {1E399AB4-FC33-4E5F-BE8A-E08EB9824050}
	EndGlobalSection
EndGlobal
